#
# This file is autogenerated by pip-compile with Python 3.13
# by the following command:
#
#    pip-compile --generate-hashes --output-file=requirements.lock --strip-extras pyproject.toml
#
anyio==4.13.0 \
    --hash=sha256:08b310f9e24a9594186fd75b4f73f4a4152069e3853f1ed8bfbf58369f4ad708 \
    --hash=sha256:334b70e641fd2221c1505b3890c69882fe4a2df910cba14d97019b90b24439dc
    # via httpx
certifi==2026.2.25 \
    --hash=sha256:027692e4402ad994f1c42e52a4997a9763c646b73e4096e4d5d6db8af1d6f0fa \
    --hash=sha256:e887ab5cee78ea814d3472169153c2d12cd43b14bd03329a39a9c6e2e80bfba7
    # via
    #   httpcore
    #   httpx
    #   requests
charset-normalizer==3.4.7 \
    --hash=sha256:007d05ec7321d12a40227aae9e2bc6dca73f3cb21058999a1df9e193555a9dcc \
    --hash=sha256:03853ed82eeebbce3c2abfdbc98c96dc205f32a79627688ac9a27370ea61a49c \
    --hash=sha256:07d9e39b01743c3717745f4c530a6349eadbfa043c7577eef86c502c15df2c67 \
    --hash=sha256:08e721811161356f97b4059a9ba7bafb23ea5ee2255402c42881c214e173c6b4 \
    --hash=sha256:0c96c3b819b5c3e9e165495db84d41914d6894d55181d2d108cc1a69bfc9cce0 \
    --hash=sha256:0ea948db76d31190bf08bd371623927ee1339d5f2a0b4b1b4a4439a65298703c \
    --hash=sha256:0f7eb884681e3938906ed0434f20c63046eacd0111c4ba96f27b76084cd679f5 \
    --hash=sha256:12a6fff75f6bc66711b73a2f0addfc4c8c15a20e805146a02d147a318962c444 \
    --hash=sha256:12d8baf840cc7889b37c7c770f478adea7adce3dcb3944d02ec87508e2dcf153 \
    --hash=sha256:14265bfe1f09498b9d8ec91e9ec9fa52775edf90fcbde092b25f4a33d444fea9 \
    --hash=sha256:16d971e29578a5e97d7117866d15889a4a07befe0e87e703ed63cd90cb348c01 \
    --hash=sha256:177a0ba5f0211d488e295aaf82707237e331c24788d8d76c96c5a41594723217 \
    --hash=sha256:1a87ca9d5df6fe460483d9a5bbf2b18f620cbed41b432e2bddb686228282d10b \
    --hash=sha256:1c2a768fdd44ee4a9339a9b0b130049139b8ce3c01d2ce09f67f5a68048d477c \
    --hash=sha256:1c2aed2e5e41f24ea8ef1590b8e848a79b56f3a5564a65ceec43c9d692dc7d8a \
    --hash=sha256:1dc8b0ea451d6e69735094606991f32867807881400f808a106ee1d963c46a83 \
    --hash=sha256:1efde3cae86c8c273f1eb3b287be7d8499420cf2fe7585c41d370d3e790054a5 \
    --hash=sha256:202389074300232baeb53ae2569a60901f7efadd4245cf3a3bf0617d60b439d7 \
    --hash=sha256:203104ed3e428044fd943bc4bf45fa73c0730391f9621e37fe39ecf477b128cb \
    --hash=sha256:2257141f39fe65a3fdf38aeccae4b953e5f3b3324f4ff0daf9f15b8518666a2c \
    --hash=sha256:298930cec56029e05497a76988377cbd7457ba864beeea92ad7e844fe74cd1f1 \
    --hash=sha256:2cd4a60d0e2fb04537162c62bbbb4182f53541fe0ede35cdf270a1c1e723cc42 \
    --hash=sha256:2d6eb928e13016cea4f1f21d1e10c1cebd5a421bc57ddf5b1142ae3f86824fab \
    --hash=sha256:2fe249cb4651fd12605b7288b24751d8bfd46d35f12a20b1ba33dea122e690df \
    --hash=sha256:30b8d1d8c52a48c2c5690e152c169b673487a2a58de1ec7393196753063fcd5e \
    --hash=sha256:320ade88cfb846b8cd6b4ddf5ee9e80ee0c1f52401f2456b84ae1ae6a1a5f207 \
    --hash=sha256:3534e7dcbdcf757da6b85a0bbf5b6868786d5982dd959b065e65481644817a18 \
    --hash=sha256:36836d6ff945a00b88ba1e4572d721e60b5b8c98c155d465f56ad19d68f23734 \
    --hash=sha256:38c0109396c4cfc574d502df99742a45c72c08eff0a36158b6f04000043dbf38 \
    --hash=sha256:3946fa46a0cf3e4c8cb1cc52f56bb536310d34f25f01ca9b6c16afa767dab110 \
    --hash=sha256:3bec022aec2c514d9cf199522a802bd007cd588ab17ab2525f20f9c34d067c18 \
    --hash=sha256:3c9a494bc5ec77d43cea229c4f6db1e4d8fe7e1bbffa8b6f0f0032430ff8ab44 \
    --hash=sha256:3dce51d0f5e7951f8bb4900c257dad282f49190fdbebecd4ba99bcc41fef404d \
    --hash=sha256:3dedcc22d73ec993f42055eff4fcfed9318d1eeb9a6606c55892a26964964e48 \
    --hash=sha256:4042d5c8f957e15221d423ba781e85d553722fc4113f523f2feb7b188cc34c5e \
    --hash=sha256:481551899c856c704d58119b5025793fa6730adda3571971af568f66d2424bb5 \
    --hash=sha256:4dc1e73c36828f982bfe79fadf5919923f8a6f4df2860804db9a98c48824ce8d \
    --hash=sha256:4e5163c14bffd570ef2affbfdd77bba66383890797df43dc8b4cc7d6f500bf53 \
    --hash=sha256:511ef87c8aec0783e08ac18565a16d435372bc1ac25a91e6ac7f5ef2b0bff790 \
    --hash=sha256:532bc9bf33a68613fd7d65e4b1c71a6a38d7d42604ecf239c77392e9b4e8998c \
    --hash=sha256:54523e136b8948060c0fa0bc7b1b50c32c186f2fceee897a495406bb6e311d2b \
    --hash=sha256:5649fd1c7bade02f320a462fdefd0b4bd3ce036065836d4f42e0de958038e116 \
    --hash=sha256:56be790f86bfb2c98fb742ce566dfb4816e5a83384616ab59c49e0604d49c51d \
    --hash=sha256:5b77459df20e08151cd6f8b9ef8ef1f961ef73d85c21a555c7eed5b79410ec10 \
    --hash=sha256:5ed6ab538499c8644b8a3e18debabcd7ce684f3fa91cf867521a7a0279cab2d6 \
    --hash=sha256:6178f72c5508bfc5fd446a5905e698c6212932f25bcdd4b47a757a50605a90e2 \
    --hash=sha256:6370e8686f662e6a3941ee48ed4742317cafbe5707e36406e9df792cdb535776 \
    --hash=sha256:64f02c6841d7d83f832cd97ccf8eb8a906d06eb95d5276069175c696b024b60a \
    --hash=sha256:65bcd23054beab4d166035cabbc868a09c1a49d1efe458fe8e4361215df40265 \
    --hash=sha256:66671f93accb62ed07da56613636f3641f1a12c13046ce91ffc923721f23c008 \
    --hash=sha256:6696b7688f54f5af4462118f0bfa7c1621eeb87154f77fa04b9295ce7a8f2943 \
    --hash=sha256:6785f414ae0f3c733c437e0f3929197934f526d19dfaa75e18fdb4f94c6fb374 \
    --hash=sha256:67f6279d125ca0046a7fd386d01b311c6363844deac3e5b069b514ba3e63c246 \
    --hash=sha256:6c114670c45346afedc0d947faf3c7f701051d2518b943679c8ff88befe14f8e \
    --hash=sha256:6e0d51f618228538a3e8f46bd246f87a6cd030565e015803691603f55e12afb5 \
    --hash=sha256:6ed74185b2db44f41ef35fd1617c5888e59792da9bbc9190d6c7300617182616 \
    --hash=sha256:708838739abf24b2ceb208d0e22403dd018faeef86ddac04319a62ae884c4f15 \
    --hash=sha256:715479b9a2802ecac752a3b0efa2b0b60285cf962ee38414211abdfccc233b41 \
    --hash=sha256:733784b6d6def852c814bce5f318d25da2ee65dd4839a0718641c696e09a2960 \
    --hash=sha256:750e02e074872a3fad7f233b47734166440af3cdea0add3e95163110816d6752 \
    --hash=sha256:752a45dc4a6934060b3b0dab47e04edc3326575f82be64bc4fc293914566503e \
    --hash=sha256:7579e913a5339fb8fa133f6bbcfd8e6749696206cf05acdbdca71a1b436d8e72 \
    --hash=sha256:7641bb8895e77f921102f72833904dcd9901df5d6d72a2ab8f31d04b7e51e4e7 \
    --hash=sha256:7804338df6fcc08105c7745f1502ba68d900f45fd770d5bdd5288ddccb8a42d8 \
    --hash=sha256:80d04837f55fc81da168b98de4f4b797ef007fc8a79ab71c6ec9bc4dd662b15b \
    --hash=sha256:813c0e0132266c08eb87469a642cb30aaff57c5f426255419572aaeceeaa7bf4 \
    --hash=sha256:82b271f5137d07749f7bf32f70b17ab6eaabedd297e75dce75081a24f76eb545 \
    --hash=sha256:84c018e49c3bf790f9c2771c45e9313a08c2c2a6342b162cd650258b57817706 \
    --hash=sha256:8751d2787c9131302398b11e6c8068053dcb55d5a8964e114b6e196cf16cb366 \
    --hash=sha256:8778f0c7a52e56f75d12dae53ae320fae900a8b9b4164b981b9c5ce059cd1fcb \
    --hash=sha256:87fad7d9ba98c86bcb41b2dc8dbb326619be2562af1f8ff50776a39e55721c5a \
    --hash=sha256:8d828b6667a32a728a1ad1d93957cdf37489c57b97ae6c4de2860fa749b8fc1e \
    --hash=sha256:8e385e4267ab76874ae30db04c627faaaf0b509e1ccc11a95b3fc3e83f855c00 \
    --hash=sha256:92a0a01ead5e668468e952e4238cccd7c537364eb7d851ab144ab6627dbbe12f \
    --hash=sha256:94e1885b270625a9a828c9793b4d52a64445299baa1fea5a173bf1d3dd9a1a5a \
    --hash=sha256:a180c5e59792af262bf263b21a3c49353f25945d8d9f70628e73de370d55e1e1 \
    --hash=sha256:a277ab8928b9f299723bc1a2dabb1265911b1a76341f90a510368ca44ad9ab66 \
    --hash=sha256:a5fe03b42827c13cdccd08e6c0247b6a6d4b5e3cdc53fd1749f5896adcdc2356 \
    --hash=sha256:a6c5863edfbe888d9eff9c8b8087354e27618d9da76425c119293f11712a6319 \
    --hash=sha256:a89c23ef8d2c6b27fd200a42aa4ac72786e7c60d40efdc76e6011260b6e949c4 \
    --hash=sha256:adb2597b428735679446b46c8badf467b4ca5f5056aae4d51a19f9570301b1ad \
    --hash=sha256:ae196f021b5e7c78e918242d217db021ed2a6ace2bc6ae94c0fc596221c7f58d \
    --hash=sha256:ae89db9e5f98a11a4bf50407d4363e7b09b31e55bc117b4f7d80aab97ba009e5 \
    --hash=sha256:aed52fea0513bac0ccde438c188c8a471c4e0f457c2dd20cdbf6ea7a450046c7 \
    --hash=sha256:aef65cd602a6d0e0ff6f9930fcb1c8fec60dd2cfcb6facaf4bdb0e5873042db0 \
    --hash=sha256:af21eb4409a119e365397b2adbaca4c9ccab56543a65d5dbd9f920d6ac29f686 \
    --hash=sha256:b14b2d9dac08e28bb8046a1a0434b1750eb221c8f5b87a68f4fa11a6f97b5e34 \
    --hash=sha256:bb6d88045545b26da47aa879dd4a89a71d1dce0f0e549b1abcb31dfe4a8eac49 \
    --hash=sha256:bb8cc7534f51d9a017b93e3e85b260924f909601c3df002bcdb58ddb4dc41a5c \
    --hash=sha256:bc17a677b21b3502a21f66a8cc64f5bfad4df8a0b8434d661666f8ce90ac3af1 \
    --hash=sha256:bd6c2a1c7573c64738d716488d2cdd3c00e340e4835707d8fdb8dc1a66ef164e \
    --hash=sha256:bd9b23791fe793e4968dba0c447e12f78e425c59fc0e3b97f6450f4781f3ee60 \
    --hash=sha256:c03a41a8784091e67a39648f70c5f97b5b6a37f216896d44d2cdcb82615339a0 \
    --hash=sha256:c0f081d69a6e58272819b70288d3221a6ee64b98df852631c80f293514d3b274 \
    --hash=sha256:c35abb8bfff0185efac5878da64c45dafd2b37fb0383add1be155a763c1f083d \
    --hash=sha256:c36c333c39be2dbca264d7803333c896ab8fa7d4d6f0ab7edb7dfd7aea6e98c0 \
    --hash=sha256:c45e9440fb78f8ddabcf714b68f936737a121355bf59f3907f4e17721b9d1aae \
    --hash=sha256:c593052c465475e64bbfe5dbd81680f64a67fdc752c56d7a0ae205dc8aeefe0f \
    --hash=sha256:cdd68a1fb318e290a2077696b7eb7a21a49163c455979c639bf5a5dcdc46617d \
    --hash=sha256:ce3412fbe1e31eb81ea42f4169ed94861c56e643189e1e75f0041f3fe7020abe \
    --hash=sha256:cf1493cd8607bec4d8a7b9b004e699fcf8f9103a9284cc94962cb73d20f9d4a3 \
    --hash=sha256:cf29836da5119f3c8a8a70667b0ef5fdca3bb12f80fd06487cfa575b3909b393 \
    --hash=sha256:d4a48e5b3c2a489fae013b7589308a40146ee081f6f509e047e0e096084ceca1 \
    --hash=sha256:d560742f3c0d62afaccf9f41fe485ed69bd7661a241f86a3ef0f0fb8b1a397af \
    --hash=sha256:d6038d37043bced98a66e68d3aa2b6a35505dc01328cd65217cefe82f25def44 \
    --hash=sha256:d61f00a0869d77422d9b2aba989e2d24afa6ffd552af442e0e58de4f35ea6d00 \
    --hash=sha256:d635aab80466bc95771bb78d5370e74d36d1fe31467b6b29b8b57b2a3cd7d22c \
    --hash=sha256:dca4bbc466a95ba9c0234ef56d7dd9509f63da22274589ebd4ed7f1f4d4c54e3 \
    --hash=sha256:dd915403e231e6b1809fe9b6d9fc55cf8fb5e02765ac625d9cd623342a7905d7 \
    --hash=sha256:e044c39e41b92c845bc815e5ae4230804e8e7bc29e399b0437d64222d92809dd \
    --hash=sha256:e060d01aec0a910bdccb8be71faf34e7799ce36950f8294c8bf612cba65a2c9e \
    --hash=sha256:e1421b502d83040e6d7fb2fb18dff63957f720da3d77b2fbd3187ceb63755d7b \
    --hash=sha256:e17b8d5d6a8c47c85e68ca8379def1303fd360c3e22093a807cd34a71cd082b8 \
    --hash=sha256:e5f4d355f0a2b1a31bc3edec6795b46324349c9cb25eed068049e4f472fb4259 \
    --hash=sha256:e712b419df8ba5e42b226c510472b37bd57b38e897d3eca5e8cfd410a29fa859 \
    --hash=sha256:e74327fb75de8986940def6e8dee4f127cc9752bee7355bb323cc5b2659b6d46 \
    --hash=sha256:e80c8378d8f3d83cd3164da1ad2df9e37a666cdde7b1cb2298ed0b558064be30 \
    --hash=sha256:e8ac484bf18ce6975760921bb6148041faa8fef0547200386ea0b52b5d27bf7b \
    --hash=sha256:eca9705049ad3c7345d574e3510665cb2cf844c2f2dcfe675332677f081cbd46 \
    --hash=sha256:ed065083d0898c9d5b4bbec7b026fd755ff7454e6e8b73a67f8c744b13986e24 \
    --hash=sha256:edac0f1ab77644605be2cbba52e6b7f630731fc42b34cb0f634be1a6eface56a \
    --hash=sha256:effc3f449787117233702311a1b7d8f59cba9ced946ba727bdc329ec69028e24 \
    --hash=sha256:f22dec1690b584cea26fade98b2435c132c1b5f68e39f5a0b7627cd7ae31f1dc \
    --hash=sha256:f495a1652cf3fbab2eb0639776dad966c2fb874d79d87ca07f9d5f059b8bd215 \
    --hash=sha256:f496c9c3cc02230093d8330875c4c3cdfc3b73612a5fd921c65d39cbcef08063 \
    --hash=sha256:f59099f9b66f0d7145115e6f80dd8b1d847176df89b234a5a6b3f00437aa0832 \
    --hash=sha256:f59ad4c0e8f6bba240a9bb85504faa1ab438237199d4cce5f622761507b8f6a6 \
    --hash=sha256:fbccdc05410c9ee21bbf16a35f4c1d16123dcdeb8a1d38f33654fa21d0234f79 \
    --hash=sha256:fea24543955a6a729c45a73fe90e08c743f0b3334bbf3201e6c4bc1b0c7fa464
    # via requests
discord-webhook==1.4.1 \
    --hash=sha256:1ed6a07d16ca0e6e6b1a91536c2fc34d0ba8251e5be37fe8850189aaf1155ee8 \
    --hash=sha256:2913c3ccb216e7d82911f96296f78b6b28b68a6f33a6fa5a61fc2da697b34a4d
    # via free-credit-scraper (pyproject.toml)
h11==0.16.0 \
    --hash=sha256:4e35b956cf45792e4caa5885e69fba00bdbc6ffafbfa020300e549b208ee5ff1 \
    --hash=sha256:63cf8bbe7522de3bf65932fda1d9c2772064ffb3dae62d55932da54b31cb6c86
    # via httpcore
httpcore==1.0.9 \
    --hash=sha256:2d400746a40668fc9dec9810239072b40b4484b640a8c38fd654a024c7a1bf55 \
    --hash=sha256:6e34463af53fd2ab5d807f399a9b45ea31c3dfa2276f15a2c3f00afff6e176e8
    # via httpx
httpx==0.28.1 \
    --hash=sha256:75e98c5f16b0f35b567856f597f06ff2270a374470a5c2392242528e3e3e42fc \
    --hash=sha256:d909fcccc110f8c7faf814ca82a9a4d816bc5a6dbfea25d6591d6985b8ba59ad
    # via free-credit-scraper (pyproject.toml)
idna==3.11 \
    --hash=sha256:771a87f49d9defaf64091e6e6fe9c18d4833f140bd19464795bc32d966ca37ea \
    --hash=sha256:795dafcc9c04ed0c1fb032c2aa73654d8e8c5023a7df64a53f39190ada629902
    # via
    #   anyio
    #   httpx
    #   requests
requests==2.33.1 \
    --hash=sha256:18817f8c57c6263968bc123d237e3b8b08ac046f5456bd1e307ee8f4250d3517 \
    --hash=sha256:4e6d1ef462f3626a1f0a0a9c42dd93c63bad33f9f1c1937509b8c5c8718ab56a
    # via discord-webhook
selectolax==0.4.7 \
    --hash=sha256:00953c3c6a7e4dfd990a5651315b713d50131706c239c1f1c5b6d4a75a11975a \
    --hash=sha256:0e221e7403005e343c636ed51846ae20e52b81be24becaf9195308d24114c061 \
    --hash=sha256:17f7ba5a21714d450b4eea0451608a36be2bba8d327990ddbda812eb3f36fa51 \
    --hash=sha256:1a7016db9c55ae541f1669a3433aee03fc0a1111d70c84aa5636a5a6b9499854 \
    --hash=sha256:1d72c67fb56639433f130b2e44a783f4d0efb862a285413b9fc8789a851f5383 \
    --hash=sha256:26e24768ce86d376b50d311c1bdf54c5445139ac90cc5d955a7703402d2e2f7c \
    --hash=sha256:2a0e9b1e3b1d091a0133b44b3967c79db8de73d99efe38af85bab615775aa4e8 \
    --hash=sha256:2c275e5e5579e308a09ae77922c468a8ca63666534d00a42ebfd912f3c842a2e \
    --hash=sha256:2cf39b5200ec82ae75b35549ee71fb5b344ba0420b1a8a49f3fb38d14082c463 \
    --hash=sha256:2f19bb52c27f526d89383ec178daa31fcb93dbec90106bfb3e2d43c2970f3b72 \
    --hash=sha256:3799b39d60266f7d4c48f322fac8eaecc6dec38f4342d6d3b17085d11815bcb4 \
    --hash=sha256:3840b79f5f39744b95dc80e3b428cf4e49b86d8c6e9cbb3e7df3e702bf240cce \
    --hash=sha256:3968f272b0aa93927b3ba17104c0d2980286fcb0def44babb87dab3673936377 \
    --hash=sha256:3e3dac7de3864701a18cd6c4806d07944a5a48d1db2f107a0ce8531f72881462 \
    --hash=sha256:434ee92be15534c10db308ae9ab3f93a224e2a60f1c0ab9453a97ee09b056ca7 \
    --hash=sha256:48d95f3bbe37caa6fe341992ac7b4fb5b7efad1ed8bd939af67b6be0ccd5634e \
    --hash=sha256:4cc5c190277ff34f2e42be473ec5947ad5d87c07a072e25d0701c03b7ceb5b12 \
    --hash=sha256:50a668ede8d3f2dbe872c2713a28348e9e3e154a49118b898568243bfb356c96 \
    --hash=sha256:5a613760d2b890d7befd2e585a37dd0bdae9e23eee0cacb15d24adb83232c94e \
    --hash=sha256:5a6735711f492532a83df6d501e8647feea48d893e703f0354e61ba868757f9b \
    --hash=sha256:5fb1c01d39570f0990e8e2a2037e3f0cf8d193da6ea9ca1936d5818d5cf6a260 \
    --hash=sha256:64de787422ad342b35fef86e488d8b76d70fc3266cb74dfc154d4a89291c62b1 \
    --hash=sha256:7134b119c011e18d1e914d5adbb8f953e391649b4af734fcec61dad691a16f59 \
    --hash=sha256:771710fe52b082804d959944e3e0fe67f094ea1bf81669b4f654b957a7490d95 \
    --hash=sha256:7cbd1143920b7bd1b80e092d5a16c97fdc741b0325a42862f20edcb55ab493e8 \
    --hash=sha256:85e4ada1c4a3a69e503c9866e74bce24e716bd0ada060c7c2b56677d4f073928 \
    --hash=sha256:87bd651514491b9bdd8254e71295e43b790575021b87ebc2351ed6a2aeaa9313 \
    --hash=sha256:88344c8764f3a2fbcae2fd2353201c330920943c2da34a16e9b063f918deb7d6 \
    --hash=sha256:8ca0af7156315d9193fac699e8e4c3281ea6dccc6262eed33b32001a633e57a9 \
    --hash=sha256:8e7f847b38195c45f6f6c966df5d8600ab9d522df632d61b28db2edd92deeb3c \
    --hash=sha256:8edbec5ad8a51cb60e6761231d88d34ed3a8158db3ae1f448aede2d146111d0f \
    --hash=sha256:8fa541a520cc6213d754ec747ebbff12fdcc5b9f6bb7615784486e18697209fb \
    --hash=sha256:90fc1146b9130a4891f3fc1f414113ccbee419e84c7f1c5948071f88e46ef16c \
    --hash=sha256:98007b5882c968f5f33f9e01d088fbd796aa7debcbbadb68e95c130a7cecfd19 \
    --hash=sha256:9bddcca1fd74a7a92d53f13116b244fbd4dce84ac0dde60b6ee722212840fe2f \
    --hash=sha256:9c70be8f4154a80b8d435bcc3217c04a82f928849fa2f6acd554d24c5b911db6 \
    --hash=sha256:9f29ad4506fe84152391998ae5b05aaae80d237795567009a518496d0daf4908 \
    --hash=sha256:a151972637887614dad8ea77bd36ea992fef1fb42cf246be60fe2aff83080537 \
    --hash=sha256:a231801ae248bdb511417af568f2890768c486f6f5dde4251c6e7eadea637103 \
    --hash=sha256:a4782cc1e162ca422a325302cdad344cd853cfde19004b870e5b6c3df651abab \
    --hash=sha256:ab50b89f3d9b791696bc04eb2761c617f6c5979d57cde1ae93373a9d42d3a6ae \
    --hash=sha256:ad71d3b31ceb49820787d19d983e2851835ad03bbfd302c6e243a97215e36557 \
    --hash=sha256:bcf6e535cb2b2c0e5b35eb0d5bbe6d17f8d2cf96108addda1491cda083b798d7 \
    --hash=sha256:c0d6a2ad265b95a9c1abef15fedcfebf3d6ec250520b1b64a3d2887dcee17ec6 \
    --hash=sha256:c74313af027e989f3b8432c8da6511a34fffd7b3f2fec3cb7019ab32e6e11973 \
    --hash=sha256:d322e725e0c575cacc8ba2f0041fb8405dc3932bff9073a563f568c6ef3a217b \
    --hash=sha256:d3da9e1609cefc9bb403f62c2b03d2f5622cbe3057c2f06e308a29fad8ae5654 \
    --hash=sha256:d9591ec48af16003a79db89f070688fe0fb68d2c16ac6b479b0ee8b78eb4e486 \
    --hash=sha256:da9afa778ebce19c48de1e6fe5ff5bf7c719cd7f9cd14e5d530bd00ec15b149f \
    --hash=sha256:df8a8db519484c868839f1d36be720feeb228c8f75cf7b745e325db183b319c6 \
    --hash=sha256:e475e009e9f2df91e3971d89aa889072219bfee8fcf4b6c36db859a4301982cd \
    --hash=sha256:e6b8d0f7cbdc6ca5cbf52dbd37f70c170184040499ac59a23409724724276784 \
    --hash=sha256:e9d46ffaded9c3dd09371174f4302314851bacb7e0ff1a370f609b3aaa93431a \
    --hash=sha256:ea46dbb3592ec0aa78662ecdcac8c083313dafbc6bd8277620b8301db658d638 \
    --hash=sha256:eaf2e15076fa7e2e5fe7c3b5a88e54b14bbd49a53da983534f6cb448f3f0e300 \
    --hash=sha256:eb2757147ba48c2ac75ad79ad47e4b4d9e7ddb08ac614b90347cdff6b98c860b \
    --hash=sha256:eb6faf15e6cc6a7c61c04e15c3490e3f6693c98f732e531941687093de36db81 \
    --hash=sha256:ed00a4244c52f96f610a164b87e807b49fcd06bb045fe9f9fb0ca2ed8b973a13 \
    --hash=sha256:f222827fef20c142131f1948bc08ebf1c9f3294c79bca8fa9c0a71e234be7b2f \
    --hash=sha256:f815a0bd233ca188b117006c6ca7540031f259a8332592b276e802d24fed44bf \
    --hash=sha256:fb8f169511f037b662dac1a0e27cff30f4317f9aa30af2e37c8a37c3ca8c7e3c \
    --hash=sha256:fc504cad873bc4e95fca9141008ccf0d5e44350dfe450b71ccee86bd0b7b0572 \
    --hash=sha256:fdc5ec34ccce3a691e1664a14bf0f40ad6a41117e5de88e85d8ac8e68a7ea8bd \
    --hash=sha256:feaea6ac95da2fa137abad3c1ae13596bffed44c8e2bfa7802f89a37a1e5e39a
    # via free-credit-scraper (pyproject.toml)
tenacity==9.1.4 \
    --hash=sha256:6095a360c919085f28c6527de529e76a06ad89b23659fa881ae0649b867a9d55 \
    --hash=sha256:adb31d4c263f2bd041081ab33b498309a57c77f9acf2db65aadf0898179cf93a
    # via free-credit-scraper (pyproject.toml)
urllib3==2.6.3 \
    --hash=sha256:1b62b6884944a57dbe321509ab94fd4d3b307075e0c2eae991ac71ee15ad38ed \
    --hash=sha256:bf272323e553dfb2e87d9bfd225ca7b0f467b919d7bbd355436d3fd37cb0acd4
    # via requests
